{
  "nodes": {
    "nix-darwin": {
      "inputs": {
        "nixpkgs": [
          "nixpkgs"
        ]
      },
      "locked": {
        "lastModified": 1747521943,
        "narHash": "sha256-GMAJcB8oB9cC+TbYTE7QDfw9fwHZyloxUWnUpHnQRko=",
        "owner": "LnL7",
        "repo": "nix-darwin",
        "rev": "b9b927dd1f24094b271e8ec5277a672dc4fc860d",
        "type": "github"
      },
      "original": {
        "owner": "LnL7",
        "repo": "nix-darwin",
        "type": "github"
      }
    },
    "nixpkgs": {
      "locked": {
        "lastModified": 1747000510,
        "narHash": "sha256-pL9HSJez+IfmTfw6jOxj71UyY8dG0Y7+XmJRFU3YNOo=",
        "owner": "NixOS",
        "repo": "nixpkgs",
        "rev": "0b86618ac72124d0a1c61b31598b544493d18658",
        "type": "github"
      },
      "original": {
        "owner": "NixOS",
        "ref": "nixpkgs-unstable",
        "repo": "nixpkgs",
        "type": "github"
      }
    },
    "root": {
      "inputs": {
        "nix-darwin": "nix-darwin",
        "nixpkgs": "nixpkgs"
      }
    }
  },
  "root": "root",
  "version": 7
}
